<Solution>
  <Folder Name="/Solution Items/">
    <File Path="README.md" />
  </Folder>
  <Project Path="DrClinicSystem.Api/DrClinicSystem.Api.csproj" />
  <Project Path="DrClinicSystem.Application/DrClinicSystem.Application.csproj" />
  <Project Path="DrClinicSystem.Core/DrClinicSystem.Core.csproj" />
  <Project Path="DrClinicSystem.Infrastructure/DrClinicSystem.Infrastructure.csproj" />
</Solution>
